
Microsoft Visual Studio Solution File, Format Version 12.00
# Visual Studio Version 16
VisualStudioVersion = 16.0.29418.71
MinimumVisualStudioVersion = 10.0.40219.1
Project("{FAE04EC0-301F-11D3-BF4B-00C04F79EFBC}") = "IndraDeMesmaeker.Common", "IndraDeMesmaeker.Common\IndraDeMesmaeker.Common.csproj", "{5E07D913-D62B-4440-BDE4-C7B6DCC5FC2B}"
EndProject
Project("{FAE04EC0-301F-11D3-BF4B-00C04F79EFBC}") = "IndraDeMesmaeker.NotitieBeheer.App", "IndraDeMesmaeker.NotitieBeheer.App\IndraDeMesmaeker.NotitieBeheer.App.csproj", "{577DF98C-B527-47D8-BE47-CE9983A90C4E}"
EndProject
Project("{FAE04EC0-301F-11D3-BF4B-00C04F79EFBC}") = "IndraDeMesmaeker.NotitieBeheer.Data", "IndraDeMesmaeker.NotitieBeheer.Data\IndraDeMesmaeker.NotitieBeheer.Data.csproj", "{63B78CA4-E6E1-48CA-9B4A-63AC1E941E2F}"
EndProject
Global
	GlobalSection(SolutionConfigurationPlatforms) = preSolution
		Debug|Any CPU = Debug|Any CPU
		Release|Any CPU = Release|Any CPU
	EndGlobalSection
	GlobalSection(ProjectConfigurationPlatforms) = postSolution
		{5E07D913-D62B-4440-BDE4-C7B6DCC5FC2B}.Debug|Any CPU.ActiveCfg = Debug|Any CPU
		{5E07D913-D62B-4440-BDE4-C7B6DCC5FC2B}.Debug|Any CPU.Build.0 = Debug|Any CPU
		{5E07D913-D62B-4440-BDE4-C7B6DCC5FC2B}.Release|Any CPU.ActiveCfg = Release|Any CPU
		{5E07D913-D62B-4440-BDE4-C7B6DCC5FC2B}.Release|Any CPU.Build.0 = Release|Any CPU
		{577DF98C-B527-47D8-BE47-CE9983A90C4E}.Debug|Any CPU.ActiveCfg = Debug|Any CPU
		{577DF98C-B527-47D8-BE47-CE9983A90C4E}.Debug|Any CPU.Build.0 = Debug|Any CPU
		{577DF98C-B527-47D8-BE47-CE9983A90C4E}.Release|Any CPU.ActiveCfg = Release|Any CPU
		{577DF98C-B527-47D8-BE47-CE9983A90C4E}.Release|Any CPU.Build.0 = Release|Any CPU
		{63B78CA4-E6E1-48CA-9B4A-63AC1E941E2F}.Debug|Any CPU.ActiveCfg = Debug|Any CPU
		{63B78CA4-E6E1-48CA-9B4A-63AC1E941E2F}.Debug|Any CPU.Build.0 = Debug|Any CPU
		{63B78CA4-E6E1-48CA-9B4A-63AC1E941E2F}.Release|Any CPU.ActiveCfg = Release|Any CPU
		{63B78CA4-E6E1-48CA-9B4A-63AC1E941E2F}.Release|Any CPU.Build.0 = Release|Any CPU
	EndGlobalSection
	GlobalSection(SolutionProperties) = preSolution
		HideSolutionNode = FALSE
	EndGlobalSection
	GlobalSection(ExtensibilityGlobals) = postSolution
		SolutionGuid = {0951991C-E7EC-4E15-B12E-C493C39410D8}
	EndGlobalSection
EndGlobal
